{
  "name": "skylark-etch",
  "version": "0.9.0",
  "lockfileVersion": 1,
  "requires": true,
  "dependencies": {
    "skylark-backbone": {
      "version": "git+https://github.com/skylark-integration/skylark-backbone.git#2b972812c6604557fd7a0b3e3668358eaed18562",
      "from": "git+https://github.com/skylark-integration/skylark-backbone.git#master",
      "requires": {
        "skylark-fw-model": "git+https://github.com/skylarkfw/skylark-fw-model.git#master",
        "skylark-jquery": "git+https://github.com/skylark-integration/skylark-jquery.git#master",
        "skylark-langx": "git+https://github.com/skylarklangx/skylark-langx.git#master",
        "skylark-underscore": "git+https://github.com/skylark-integration/skylark-underscore.git#master",
        "skylark-utils-dom": "git+https://github.com/skylarkutils/skylark-utils-dom.git#master"
      }
    },
    "skylark-fw-model": {
      "version": "git+https://github.com/skylarkfw/skylark-fw-model.git#6dca3258ed73c62b213ddde3e42338f96e6eaa41",
      "from": "git+https://github.com/skylarkfw/skylark-fw-model.git#master",
      "requires": {
        "skylark-langx": "git+https://github.com/skylarklangx/skylark-langx.git#master"
      }
    },
    "skylark-jquery": {
      "version": "git+https://github.com/skylark-integration/skylark-jquery.git#6ce26da97d6e3506410a2a194d403a543523556e",
      "from": "git+https://github.com/skylark-integration/skylark-jquery.git#master"
    },
    "skylark-langx": {
      "version": "git+https://github.com/skylarklangx/skylark-langx.git#155f99234a8102e020d4fc2709535dda370bb242",
      "from": "git+https://github.com/skylarklangx/skylark-langx.git#master"
    },
    "skylark-underscore": {
      "version": "git+https://github.com/skylark-integration/skylark-underscore.git#580bcf98507dde0ab52c3f054259b4c73782f772",
      "from": "git+https://github.com/skylark-integration/skylark-underscore.git#master",
      "requires": {
        "skylark-langx": "git+https://github.com/skylarklangx/skylark-langx.git#master"
      }
    },
    "skylark-utils-dom": {
      "version": "git+https://github.com/skylarkutils/skylark-utils-dom.git#91d78a8264e0a518aa9dded94ae9803b26259054",
      "from": "git+https://github.com/skylarkutils/skylark-utils-dom.git#master",
      "requires": {
        "skylark-langx": "git+https://github.com/skylarklangx/skylark-langx.git#master"
      }
    }
  }
}
